
Microsoft Visual Studio Solution File, Format Version 12.00
# Visual Studio 14
VisualStudioVersion = 14.0.25123.0
MinimumVisualStudioVersion = 10.0.40219.1
Project("{FAE04EC0-301F-11D3-BF4B-00C04F79EFBC}") = "DtoGenerator.TestSolution.Console", "DtoGenerator.TestSolution.Console\DtoGenerator.TestSolution.Console.csproj", "{BF5C3806-75B6-468A-A224-211957593877}"
EndProject
Project("{FAE04EC0-301F-11D3-BF4B-00C04F79EFBC}") = "DtoGenerator.TestSolution.Model", "DtoGenerator.TestSolution.Model\DtoGenerator.TestSolution.Model.csproj", "{949CAFBB-A801-4190-A040-A2F3997B1821}"
EndProject
Project("{FAE04EC0-301F-11D3-BF4B-00C04F79EFBC}") = "DtoGenerator.TestSolution.DAL", "DtoGenerator.TestSolution.DAL\DtoGenerator.TestSolution.DAL.csproj", "{98F4EC6D-A296-48D7-85C0-D4632F2300C5}"
EndProject
Global
	GlobalSection(SolutionConfigurationPlatforms) = preSolution
		Debug|Any CPU = Debug|Any CPU
		Release|Any CPU = Release|Any CPU
	EndGlobalSection
	GlobalSection(ProjectConfigurationPlatforms) = postSolution
		{BF5C3806-75B6-468A-A224-211957593877}.Debug|Any CPU.ActiveCfg = Debug|Any CPU
		{BF5C3806-75B6-468A-A224-211957593877}.Debug|Any CPU.Build.0 = Debug|Any CPU
		{BF5C3806-75B6-468A-A224-211957593877}.Release|Any CPU.ActiveCfg = Release|Any CPU
		{BF5C3806-75B6-468A-A224-211957593877}.Release|Any CPU.Build.0 = Release|Any CPU
		{949CAFBB-A801-4190-A040-A2F3997B1821}.Debug|Any CPU.ActiveCfg = Debug|Any CPU
		{949CAFBB-A801-4190-A040-A2F3997B1821}.Debug|Any CPU.Build.0 = Debug|Any CPU
		{949CAFBB-A801-4190-A040-A2F3997B1821}.Release|Any CPU.ActiveCfg = Release|Any CPU
		{949CAFBB-A801-4190-A040-A2F3997B1821}.Release|Any CPU.Build.0 = Release|Any CPU
		{98F4EC6D-A296-48D7-85C0-D4632F2300C5}.Debug|Any CPU.ActiveCfg = Debug|Any CPU
		{98F4EC6D-A296-48D7-85C0-D4632F2300C5}.Debug|Any CPU.Build.0 = Debug|Any CPU
		{98F4EC6D-A296-48D7-85C0-D4632F2300C5}.Release|Any CPU.ActiveCfg = Release|Any CPU
		{98F4EC6D-A296-48D7-85C0-D4632F2300C5}.Release|Any CPU.Build.0 = Release|Any CPU
	EndGlobalSection
	GlobalSection(SolutionProperties) = preSolution
		HideSolutionNode = FALSE
	EndGlobalSection
EndGlobal
